
Microsoft Visual Studio Solution File, Format Version 12.00
# Visual Studio Version 16
VisualStudioVersion = 16.0.29209.62
MinimumVisualStudioVersion = 10.0.40219.1
Project("{FAE04EC0-301F-11D3-BF4B-00C04F79EFBC}") = "WebApp", "WebApp\WebApp.csproj", "{AD7EE802-3851-42A4-8AFC-E3693285A45F}"
EndProject
Global
	GlobalSection(SolutionConfigurationPlatforms) = preSolution
		Debug|Any CPU = Debug|Any CPU
		Release|Any CPU = Release|Any CPU
	EndGlobalSection
	GlobalSection(ProjectConfigurationPlatforms) = postSolution
		{AD7EE802-3851-42A4-8AFC-E3693285A45F}.Debug|Any CPU.ActiveCfg = Debug|Any CPU
		{AD7EE802-3851-42A4-8AFC-E3693285A45F}.Debug|Any CPU.Build.0 = Debug|Any CPU
		{AD7EE802-3851-42A4-8AFC-E3693285A45F}.Release|Any CPU.ActiveCfg = Release|Any CPU
		{AD7EE802-3851-42A4-8AFC-E3693285A45F}.Release|Any CPU.Build.0 = Release|Any CPU
	EndGlobalSection
	GlobalSection(SolutionProperties) = preSolution
		HideSolutionNode = FALSE
	EndGlobalSection
	GlobalSection(ExtensibilityGlobals) = postSolution
		SolutionGuid = {3AA046F8-2DA5-4813-9FDD-40CA02690CD5}
	EndGlobalSection
EndGlobal
