
Microsoft Visual Studio Solution File, Format Version 12.00
# Visual Studio Version 16
VisualStudioVersion = 16.0.29209.62
MinimumVisualStudioVersion = 10.0.40219.1
Project("{FAE04EC0-301F-11D3-BF4B-00C04F79EFBC}") = "WebApp", "WebApp\WebApp.csproj", "{BD91EDBE-C1F4-49B2-BEEC-0238A70E60B7}"
EndProject
Global
	GlobalSection(SolutionConfigurationPlatforms) = preSolution
		Debug|Any CPU = Debug|Any CPU
		Release|Any CPU = Release|Any CPU
	EndGlobalSection
	GlobalSection(ProjectConfigurationPlatforms) = postSolution
		{BD91EDBE-C1F4-49B2-BEEC-0238A70E60B7}.Debug|Any CPU.ActiveCfg = Debug|Any CPU
		{BD91EDBE-C1F4-49B2-BEEC-0238A70E60B7}.Debug|Any CPU.Build.0 = Debug|Any CPU
		{BD91EDBE-C1F4-49B2-BEEC-0238A70E60B7}.Release|Any CPU.ActiveCfg = Release|Any CPU
		{BD91EDBE-C1F4-49B2-BEEC-0238A70E60B7}.Release|Any CPU.Build.0 = Release|Any CPU
	EndGlobalSection
	GlobalSection(SolutionProperties) = preSolution
		HideSolutionNode = FALSE
	EndGlobalSection
	GlobalSection(ExtensibilityGlobals) = postSolution
		SolutionGuid = {9A35714C-F6E6-48A1-84A4-8104D588AACB}
	EndGlobalSection
EndGlobal
